
Microsoft Visual Studio Solution File, Format Version 12.00
# Visual Studio Version 16
VisualStudioVersion = 16.0.32002.261
MinimumVisualStudioVersion = 10.0.40219.1
Project("{FAE04EC0-301F-11D3-BF4B-00C04F79EFBC}") = "Practice_problems", "Practice_problems\Practice_problems.csproj", "{AF675DB1-F64D-4A36-A879-8A751E100EC6}"
EndProject
Global
	GlobalSection(SolutionConfigurationPlatforms) = preSolution
		Debug|Any CPU = Debug|Any CPU
		Release|Any CPU = Release|Any CPU
	EndGlobalSection
	GlobalSection(ProjectConfigurationPlatforms) = postSolution
		{AF675DB1-F64D-4A36-A879-8A751E100EC6}.Debug|Any CPU.ActiveCfg = Debug|Any CPU
		{AF675DB1-F64D-4A36-A879-8A751E100EC6}.Debug|Any CPU.Build.0 = Debug|Any CPU
		{AF675DB1-F64D-4A36-A879-8A751E100EC6}.Release|Any CPU.ActiveCfg = Release|Any CPU
		{AF675DB1-F64D-4A36-A879-8A751E100EC6}.Release|Any CPU.Build.0 = Release|Any CPU
	EndGlobalSection
	GlobalSection(SolutionProperties) = preSolution
		HideSolutionNode = FALSE
	EndGlobalSection
	GlobalSection(ExtensibilityGlobals) = postSolution
		SolutionGuid = {CE2BB0A8-E367-4F7F-A178-105928B92C9B}
	EndGlobalSection
EndGlobal
